
Microsoft Visual Studio Solution File, Format Version 12.00
# Visual Studio 14
VisualStudioVersion = 14.0.25123.0
MinimumVisualStudioVersion = 10.0.40219.1
Project("{FAE04EC0-301F-11D3-BF4B-00C04F79EFBC}") = "SampleExam", "SampleExam\SampleExam.csproj", "{E3105D72-E633-47F0-8584-91C2E4BD38D8}"
EndProject
Project("{FAE04EC0-301F-11D3-BF4B-00C04F79EFBC}") = "SExam", "SExam\SExam.csproj", "{E7EB95B3-BA50-4CD1-839C-051282569AF9}"
EndProject
Global
	GlobalSection(SolutionConfigurationPlatforms) = preSolution
		Debug|Any CPU = Debug|Any CPU
		Release|Any CPU = Release|Any CPU
	EndGlobalSection
	GlobalSection(ProjectConfigurationPlatforms) = postSolution
		{E3105D72-E633-47F0-8584-91C2E4BD38D8}.Debug|Any CPU.ActiveCfg = Debug|Any CPU
		{E3105D72-E633-47F0-8584-91C2E4BD38D8}.Debug|Any CPU.Build.0 = Debug|Any CPU
		{E3105D72-E633-47F0-8584-91C2E4BD38D8}.Release|Any CPU.ActiveCfg = Release|Any CPU
		{E3105D72-E633-47F0-8584-91C2E4BD38D8}.Release|Any CPU.Build.0 = Release|Any CPU
		{E7EB95B3-BA50-4CD1-839C-051282569AF9}.Debug|Any CPU.ActiveCfg = Debug|Any CPU
		{E7EB95B3-BA50-4CD1-839C-051282569AF9}.Debug|Any CPU.Build.0 = Debug|Any CPU
		{E7EB95B3-BA50-4CD1-839C-051282569AF9}.Release|Any CPU.ActiveCfg = Release|Any CPU
		{E7EB95B3-BA50-4CD1-839C-051282569AF9}.Release|Any CPU.Build.0 = Release|Any CPU
	EndGlobalSection
	GlobalSection(SolutionProperties) = preSolution
		HideSolutionNode = FALSE
	EndGlobalSection
EndGlobal
